
Microsoft Visual Studio Solution File, Format Version 12.00
# Visual Studio 15
VisualStudioVersion = 15.0.27428.2037
MinimumVisualStudioVersion = 10.0.40219.1
Project("{FAE04EC0-301F-11D3-BF4B-00C04F79EFBC}") = "WebCounters", "WebCounters\WebCounters.csproj", "{E94BC5E7-9C63-433D-97D6-F573DDE3575D}"
EndProject
Global
	GlobalSection(SolutionConfigurationPlatforms) = preSolution
		Debug|Any CPU = Debug|Any CPU
		Release|Any CPU = Release|Any CPU
	EndGlobalSection
	GlobalSection(ProjectConfigurationPlatforms) = postSolution
		{E94BC5E7-9C63-433D-97D6-F573DDE3575D}.Debug|Any CPU.ActiveCfg = Debug|Any CPU
		{E94BC5E7-9C63-433D-97D6-F573DDE3575D}.Debug|Any CPU.Build.0 = Debug|Any CPU
		{E94BC5E7-9C63-433D-97D6-F573DDE3575D}.Release|Any CPU.ActiveCfg = Release|Any CPU
		{E94BC5E7-9C63-433D-97D6-F573DDE3575D}.Release|Any CPU.Build.0 = Release|Any CPU
	EndGlobalSection
	GlobalSection(SolutionProperties) = preSolution
		HideSolutionNode = FALSE
	EndGlobalSection
	GlobalSection(ExtensibilityGlobals) = postSolution
		SolutionGuid = {DBCC4CA4-64FB-4C9F-8C91-F8014204C10F}
	EndGlobalSection
EndGlobal
